
Microsoft Visual Studio Solution File, Format Version 12.00
# Visual Studio Version 17
VisualStudioVersion = 17.9.34723.18
MinimumVisualStudioVersion = 10.0.40219.1
Project("{FAE04EC0-301F-11D3-BF4B-00C04F79EFBC}") = "CarShare.API", "CarShare.API\CarShare.API.csproj", "{C5115B04-3730-4905-9A1E-325CBFC89F16}"
EndProject
Project("{FAE04EC0-301F-11D3-BF4B-00C04F79EFBC}") = "CarShare.Repository", "CarShare.Repository\CarShare.Repository.csproj", "{4A243627-8F74-4865-8BE1-443166BC9B48}"
EndProject
Global
	GlobalSection(SolutionConfigurationPlatforms) = preSolution
		Debug|Any CPU = Debug|Any CPU
		Release|Any CPU = Release|Any CPU
	EndGlobalSection
	GlobalSection(ProjectConfigurationPlatforms) = postSolution
		{C5115B04-3730-4905-9A1E-325CBFC89F16}.Debug|Any CPU.ActiveCfg = Debug|Any CPU
		{C5115B04-3730-4905-9A1E-325CBFC89F16}.Debug|Any CPU.Build.0 = Debug|Any CPU
		{C5115B04-3730-4905-9A1E-325CBFC89F16}.Release|Any CPU.ActiveCfg = Release|Any CPU
		{C5115B04-3730-4905-9A1E-325CBFC89F16}.Release|Any CPU.Build.0 = Release|Any CPU
		{4A243627-8F74-4865-8BE1-443166BC9B48}.Debug|Any CPU.ActiveCfg = Debug|Any CPU
		{4A243627-8F74-4865-8BE1-443166BC9B48}.Debug|Any CPU.Build.0 = Debug|Any CPU
		{4A243627-8F74-4865-8BE1-443166BC9B48}.Release|Any CPU.ActiveCfg = Release|Any CPU
		{4A243627-8F74-4865-8BE1-443166BC9B48}.Release|Any CPU.Build.0 = Release|Any CPU
	EndGlobalSection
	GlobalSection(SolutionProperties) = preSolution
		HideSolutionNode = FALSE
	EndGlobalSection
	GlobalSection(ExtensibilityGlobals) = postSolution
		SolutionGuid = {948B9366-84D3-4EA2-91E4-5E78B9587160}
	EndGlobalSection
EndGlobal
